{
  "name": "chapter-8",
  "version": "0.0.1",
  "lockfileVersion": 1,
  "requires": true,
  "dependencies": {
    "@types/node": {
      "version": "13.7.0",
      "resolved": "https://registry.npmjs.org/@types/node/-/node-13.7.0.tgz",
      "integrity": "sha512-GnZbirvmqZUzMgkFn70c74OQpTTUcCzlhQliTzYjQMqg+hVKcDnxdL19Ne3UdYzdMA/+W3eb646FWn/ZaT1NfQ==",
      "dev": true
    },
    "@types/redis": {
      "version": "2.8.14",
      "resolved": "https://registry.npmjs.org/@types/redis/-/redis-2.8.14.tgz",
      "integrity": "sha512-255dzsOLJdXFHBio9/aMHGozNkoiBUgc+g2nlNjbTSp5qcAlmpm4Z6Xs3pKOBLNIKdZbA2BkUxWvYSIwKra0Yw==",
      "dev": true,
      "requires": {
        "@types/node": "*"
      }
    },
    "typescript": {
      "version": "3.7.5",
      "resolved": "https://registry.npmjs.org/typescript/-/typescript-3.7.5.tgz",
      "integrity": "sha512-/P5lkRXkWHNAbcJIiHPfRoKqyd7bsyCma1hZNUGfn20qm64T6ZBlrzprymeu918H+mB/0rIg2gGK/BXkhhYgBw==",
      "dev": true
    }
  }
}
